
Microsoft Visual Studio Solution File, Format Version 12.00
# Visual Studio Version 17
VisualStudioVersion = 17.1.32414.318
MinimumVisualStudioVersion = 10.0.40219.1
Project("{9A19103F-16F7-4668-BE54-9A1E7A4F7556}") = "GymApp", "GymApp.csproj", "{58E868EB-B53A-4CE9-9352-3AE587083AF0}"
EndProject
Global
	GlobalSection(SolutionConfigurationPlatforms) = preSolution
		Debug|Any CPU = Debug|Any CPU
		Release|Any CPU = Release|Any CPU
	EndGlobalSection
	GlobalSection(ProjectConfigurationPlatforms) = postSolution
		{58E868EB-B53A-4CE9-9352-3AE587083AF0}.Debug|Any CPU.ActiveCfg = Debug|Any CPU
		{58E868EB-B53A-4CE9-9352-3AE587083AF0}.Debug|Any CPU.Build.0 = Debug|Any CPU
		{58E868EB-B53A-4CE9-9352-3AE587083AF0}.Release|Any CPU.ActiveCfg = Release|Any CPU
		{58E868EB-B53A-4CE9-9352-3AE587083AF0}.Release|Any CPU.Build.0 = Release|Any CPU
	EndGlobalSection
	GlobalSection(SolutionProperties) = preSolution
		HideSolutionNode = FALSE
	EndGlobalSection
	GlobalSection(ExtensibilityGlobals) = postSolution
		SolutionGuid = {B0B7B4A9-32FA-43F1-8921-C77B9B207FC6}
	EndGlobalSection
EndGlobal
